{
  "requires": true,
  "lockfileVersion": 1,
  "dependencies": {
    "web-vitals": {
      "version": "1.1.1",
      "resolved": "https://registry.npmjs.org/web-vitals/-/web-vitals-1.1.1.tgz",
      "integrity": "sha512-jYOaqu01Ny1NvMwJ3dBJDUOJ2PGWknZWH4AUnvFOscvbdHMERIKT2TlgiAey5rVyfOePG7so2JcXXZdSnBvioQ=="
    }
  }
}
