{
  "requires": true,
  "lockfileVersion": 1,
  "dependencies": {
    "react-onclickoutside": {
      "version": "6.10.0",
      "resolved": "https://registry.npmjs.org/react-onclickoutside/-/react-onclickoutside-6.10.0.tgz",
      "integrity": "sha512-7i2L3ef+0ILXpL6P+Hg304eCQswh4jl3ynwR71BSlMU49PE2uk31k8B2GkP6yE9s2D4jTGKnzuSpzWxu4YxfQQ=="
    },
    "web-vitals": {
      "version": "1.1.1",
      "resolved": "https://registry.npmjs.org/web-vitals/-/web-vitals-1.1.1.tgz",
      "integrity": "sha512-jYOaqu01Ny1NvMwJ3dBJDUOJ2PGWknZWH4AUnvFOscvbdHMERIKT2TlgiAey5rVyfOePG7so2JcXXZdSnBvioQ=="
    }
  }
}
